{
  "object": {
    "pins": [
      {
        "package": "gitswift",
        "repositoryURL": "https://github.com/rajithst/gitswift.git",
        "state": {
          "branch": "main",
          "revision": "3ebe50061844529b8baf77f446b0992981286d73",
          "version": null
        }
      }
    ]
  },
  "version": 1
}
